
Microsoft Visual Studio Solution File, Format Version 12.00
# Visual Studio Version 16
VisualStudioVersion = 16.0.31205.134
MinimumVisualStudioVersion = 10.0.40219.1
Project("{FAE04EC0-301F-11D3-BF4B-00C04F79EFBC}") = "CoffeeFinder.WebMVC", "CoffeeFinder.WebMVC\CoffeeFinder.WebMVC.csproj", "{3B99EAB3-1414-4660-A69D-0DAB00A65403}"
EndProject
Project("{FAE04EC0-301F-11D3-BF4B-00C04F79EFBC}") = "CoffeeFinder.Data", "CoffeeFinder.Data\CoffeeFinder.Data.csproj", "{89AE9A1A-5BDD-4988-8642-5BC0EBEBACC9}"
EndProject
Project("{FAE04EC0-301F-11D3-BF4B-00C04F79EFBC}") = "CoffeeFinder.Models", "CoffeeFinder.Models\CoffeeFinder.Models.csproj", "{3FCCF726-080F-40BA-A41D-146B92C1D60D}"
EndProject
Project("{FAE04EC0-301F-11D3-BF4B-00C04F79EFBC}") = "CoffeeFinder.Services", "CoffeeFinder.Services\CoffeeFinder.Services.csproj", "{2996D175-67C0-4786-9BA0-274B22F9F769}"
EndProject
Global
	GlobalSection(SolutionConfigurationPlatforms) = preSolution
		Debug|Any CPU = Debug|Any CPU
		Release|Any CPU = Release|Any CPU
	EndGlobalSection
	GlobalSection(ProjectConfigurationPlatforms) = postSolution
		{3B99EAB3-1414-4660-A69D-0DAB00A65403}.Debug|Any CPU.ActiveCfg = Debug|Any CPU
		{3B99EAB3-1414-4660-A69D-0DAB00A65403}.Debug|Any CPU.Build.0 = Debug|Any CPU
		{3B99EAB3-1414-4660-A69D-0DAB00A65403}.Release|Any CPU.ActiveCfg = Release|Any CPU
		{3B99EAB3-1414-4660-A69D-0DAB00A65403}.Release|Any CPU.Build.0 = Release|Any CPU
		{89AE9A1A-5BDD-4988-8642-5BC0EBEBACC9}.Debug|Any CPU.ActiveCfg = Debug|Any CPU
		{89AE9A1A-5BDD-4988-8642-5BC0EBEBACC9}.Debug|Any CPU.Build.0 = Debug|Any CPU
		{89AE9A1A-5BDD-4988-8642-5BC0EBEBACC9}.Release|Any CPU.ActiveCfg = Release|Any CPU
		{89AE9A1A-5BDD-4988-8642-5BC0EBEBACC9}.Release|Any CPU.Build.0 = Release|Any CPU
		{3FCCF726-080F-40BA-A41D-146B92C1D60D}.Debug|Any CPU.ActiveCfg = Debug|Any CPU
		{3FCCF726-080F-40BA-A41D-146B92C1D60D}.Debug|Any CPU.Build.0 = Debug|Any CPU
		{3FCCF726-080F-40BA-A41D-146B92C1D60D}.Release|Any CPU.ActiveCfg = Release|Any CPU
		{3FCCF726-080F-40BA-A41D-146B92C1D60D}.Release|Any CPU.Build.0 = Release|Any CPU
		{2996D175-67C0-4786-9BA0-274B22F9F769}.Debug|Any CPU.ActiveCfg = Debug|Any CPU
		{2996D175-67C0-4786-9BA0-274B22F9F769}.Debug|Any CPU.Build.0 = Debug|Any CPU
		{2996D175-67C0-4786-9BA0-274B22F9F769}.Release|Any CPU.ActiveCfg = Release|Any CPU
		{2996D175-67C0-4786-9BA0-274B22F9F769}.Release|Any CPU.Build.0 = Release|Any CPU
	EndGlobalSection
	GlobalSection(SolutionProperties) = preSolution
		HideSolutionNode = FALSE
	EndGlobalSection
	GlobalSection(ExtensibilityGlobals) = postSolution
		SolutionGuid = {16291F29-3B64-49EE-9232-5F29130173CF}
	EndGlobalSection
EndGlobal
